// !$*UTF8*$!
{
	archiveVersion = 1;
	classes = {
	};
	objectVersion = 46;
	objects = {

/* Begin PBXBuildFile section */
		31AD4E0218119B6100A3C5FA /* Cocoa.framework in Frameworks */ = {isa = PBXBuildFile; fileRef = 31AD4E0118119B6100A3C5FA /* Cocoa.framework */; };
		31AD4E1718119B6100A3C5FA /* XCTest.framework in Frameworks */ = {isa = PBXBuildFile; fileRef = 31AD4E1618119B6100A3C5FA /* XCTest.framework */; };
		31AD4E1818119B6100A3C5FA /* Cocoa.framework in Frameworks */ = {isa = PBXBuildFile; fileRef = 31AD4E0118119B6100A3C5FA /* Cocoa.framework */; };
		31AD4E1B18119B6100A3C5FA /* VSWToolkit.framework in Frameworks */ = {isa = PBXBuildFile; fileRef = 31AD4DFE18119B6100A3C5FA /* VSWToolkit.framework */; };
		31AD4E2118119B6100A3C5FA /* InfoPlist.strings in Resources */ = {isa = PBXBuildFile; fileRef = 31AD4E1F18119B6100A3C5FA /* InfoPlist.strings */; };
		31AD4E3218119CE300A3C5FA /* Foundation.framework in Frameworks */ = {isa = PBXBuildFile; fileRef = 31AD4E3118119CE300A3C5FA /* Foundation.framework */; };
		31AD4E3F18119CE300A3C5FA /* XCTest.framework in Frameworks */ = {isa = PBXBuildFile; fileRef = 31AD4E1618119B6100A3C5FA /* XCTest.framework */; };
		31AD4E4018119CE300A3C5FA /* Foundation.framework in Frameworks */ = {isa = PBXBuildFile; fileRef = 31AD4E3118119CE300A3C5FA /* Foundation.framework */; };
		31AD4E4218119CE300A3C5FA /* UIKit.framework in Frameworks */ = {isa = PBXBuildFile; fileRef = 31AD4E4118119CE300A3C5FA /* UIKit.framework */; };
		31AD4E4518119CE300A3C5FA /* libVSWToolkit-iOS.a in Frameworks */ = {isa = PBXBuildFile; fileRef = 31AD4E3018119CE300A3C5FA /* libVSWToolkit-iOS.a */; };
		31AD4E4B18119CE300A3C5FA /* InfoPlist.strings in Resources */ = {isa = PBXBuildFile; fileRef = 31AD4E4918119CE300A3C5FA /* InfoPlist.strings */; };
		31AD4E4D18119CE300A3C5FA /* VSWToolkit_iOSTests.m in Sources */ = {isa = PBXBuildFile; fileRef = 31AD4E4C18119CE300A3C5FA /* VSWToolkit_iOSTests.m */; };
		31AD4E5A18119ED800A3C5FA /* VSWToolkit.h in Headers */ = {isa = PBXBuildFile; fileRef = 31AD4E0E18119B6100A3C5FA /* VSWToolkit.h */; settings = {ATTRIBUTES = (Public, ); }; };
		31AD4E5B18119EDB00A3C5FA /* VSWToolkit.h in Headers */ = {isa = PBXBuildFile; fileRef = 31AD4E0E18119B6100A3C5FA /* VSWToolkit.h */; settings = {ATTRIBUTES = (Public, ); }; };
		31AD4E5E18119F9400A3C5FA /* NSArray+VSWRangeExceptionFreeAdditions.h in Headers */ = {isa = PBXBuildFile; fileRef = 31AD4E5C18119F9400A3C5FA /* NSArray+VSWRangeExceptionFreeAdditions.h */; settings = {ATTRIBUTES = (Public, ); }; };
		31AD4E5F18119F9400A3C5FA /* NSArray+VSWRangeExceptionFreeAdditions.h in Headers */ = {isa = PBXBuildFile; fileRef = 31AD4E5C18119F9400A3C5FA /* NSArray+VSWRangeExceptionFreeAdditions.h */; settings = {ATTRIBUTES = (Public, ); }; };
		31AD4E6018119F9400A3C5FA /* NSArray+VSWRangeExceptionFreeAdditions.m in Sources */ = {isa = PBXBuildFile; fileRef = 31AD4E5D18119F9400A3C5FA /* NSArray+VSWRangeExceptionFreeAdditions.m */; };
		31AD4E6118119F9400A3C5FA /* NSArray+VSWRangeExceptionFreeAdditions.m in Sources */ = {isa = PBXBuildFile; fileRef = 31AD4E5D18119F9400A3C5FA /* NSArray+VSWRangeExceptionFreeAdditions.m */; };
		31AD4E8A1811A29200A3C5FA /* NSArray+VSWSortingAdditions.h in Headers */ = {isa = PBXBuildFile; fileRef = 31AD4E881811A29200A3C5FA /* NSArray+VSWSortingAdditions.h */; settings = {ATTRIBUTES = (Public, ); }; };
		31AD4E8B1811A29200A3C5FA /* NSArray+VSWSortingAdditions.h in Headers */ = {isa = PBXBuildFile; fileRef = 31AD4E881811A29200A3C5FA /* NSArray+VSWSortingAdditions.h */; settings = {ATTRIBUTES = (Public, ); }; };
		31AD4E8C1811A29200A3C5FA /* NSArray+VSWSortingAdditions.m in Sources */ = {isa = PBXBuildFile; fileRef = 31AD4E891811A29200A3C5FA /* NSArray+VSWSortingAdditions.m */; };
		31AD4E8D1811A29200A3C5FA /* NSArray+VSWSortingAdditions.m in Sources */ = {isa = PBXBuildFile; fileRef = 31AD4E891811A29200A3C5FA /* NSArray+VSWSortingAdditions.m */; };
		31AD4E8F1811AA6900A3C5FA /* VSWNSArrayExceptionFreeTest.m in Sources */ = {isa = PBXBuildFile; fileRef = 31AD4E8E1811AA6900A3C5FA /* VSWNSArrayExceptionFreeTest.m */; };
/* End PBXBuildFile section */

/* Begin PBXContainerItemProxy section */
		31AD4E1918119B6100A3C5FA /* PBXContainerItemProxy */ = {
			isa = PBXContainerItemProxy;
			containerPortal = 31AD4DF518119B6100A3C5FA /* Project object */;
			proxyType = 1;
			remoteGlobalIDString = 31AD4DFD18119B6100A3C5FA;
			remoteInfo = VSWToolkit;
		};
		31AD4E4318119CE300A3C5FA /* PBXContainerItemProxy */ = {
			isa = PBXContainerItemProxy;
			containerPortal = 31AD4DF518119B6100A3C5FA /* Project object */;
			proxyType = 1;
			remoteGlobalIDString = 31AD4E2F18119CE300A3C5FA;
			remoteInfo = "VSWToolkit-iOS";
		};
/* End PBXContainerItemProxy section */

/* Begin PBXFileReference section */
		31AD4DFE18119B6100A3C5FA /* VSWToolkit.framework */ = {isa = PBXFileReference; explicitFileType = wrapper.framework; includeInIndex = 0; path = VSWToolkit.framework; sourceTree = BUILT_PRODUCTS_DIR; };
		31AD4E0118119B6100A3C5FA /* Cocoa.framework */ = {isa = PBXFileReference; lastKnownFileType = wrapper.framework; name = Cocoa.framework; path = System/Library/Frameworks/Cocoa.framework; sourceTree = SDKROOT; };
		31AD4E0418119B6100A3C5FA /* Foundation.framework */ = {isa = PBXFileReference; lastKnownFileType = wrapper.framework; name = Foundation.framework; path = System/Library/Frameworks/Foundation.framework; sourceTree = SDKROOT; };
		31AD4E0518119B6100A3C5FA /* CoreData.framework */ = {isa = PBXFileReference; lastKnownFileType = wrapper.framework; name = CoreData.framework; path = System/Library/Frameworks/CoreData.framework; sourceTree = SDKROOT; };
		31AD4E0618119B6100A3C5FA /* AppKit.framework */ = {isa = PBXFileReference; lastKnownFileType = wrapper.framework; name = AppKit.framework; path = System/Library/Frameworks/AppKit.framework; sourceTree = SDKROOT; };
		31AD4E0918119B6100A3C5FA /* VSWToolkit-Info.plist */ = {isa = PBXFileReference; lastKnownFileType = text.plist.xml; path = "VSWToolkit-Info.plist"; sourceTree = "<group>"; };
		31AD4E0B18119B6100A3C5FA /* en */ = {isa = PBXFileReference; lastKnownFileType = text.plist.strings; name = en; path = en.lproj/InfoPlist.strings; sourceTree = "<group>"; };
		31AD4E0D18119B6100A3C5FA /* VSWToolkit-Prefix.pch */ = {isa = PBXFileReference; lastKnownFileType = sourcecode.c.h; path = "VSWToolkit-Prefix.pch"; sourceTree = "<group>"; };
		31AD4E0E18119B6100A3C5FA /* VSWToolkit.h */ = {isa = PBXFileReference; lastKnownFileType = sourcecode.c.h; path = VSWToolkit.h; sourceTree = "<group>"; };
		31AD4E1518119B6100A3C5FA /* VSWToolkitTests.xctest */ = {isa = PBXFileReference; explicitFileType = wrapper.cfbundle; includeInIndex = 0; path = VSWToolkitTests.xctest; sourceTree = BUILT_PRODUCTS_DIR; };
		31AD4E1618119B6100A3C5FA /* XCTest.framework */ = {isa = PBXFileReference; lastKnownFileType = wrapper.framework; name = XCTest.framework; path = Library/Frameworks/XCTest.framework; sourceTree = DEVELOPER_DIR; };
		31AD4E1E18119B6100A3C5FA /* VSWToolkitTests-Info.plist */ = {isa = PBXFileReference; lastKnownFileType = text.plist.xml; path = "VSWToolkitTests-Info.plist"; sourceTree = "<group>"; };
		31AD4E2018119B6100A3C5FA /* en */ = {isa = PBXFileReference; lastKnownFileType = text.plist.strings; name = en; path = en.lproj/InfoPlist.strings; sourceTree = "<group>"; };
		31AD4E3018119CE300A3C5FA /* libVSWToolkit-iOS.a */ = {isa = PBXFileReference; explicitFileType = archive.ar; includeInIndex = 0; path = "libVSWToolkit-iOS.a"; sourceTree = BUILT_PRODUCTS_DIR; };
		31AD4E3118119CE300A3C5FA /* Foundation.framework */ = {isa = PBXFileReference; lastKnownFileType = wrapper.framework; name = Foundation.framework; path = System/Library/Frameworks/Foundation.framework; sourceTree = SDKROOT; };
		31AD4E3E18119CE300A3C5FA /* VSWToolkit-iOSTests.xctest */ = {isa = PBXFileReference; explicitFileType = wrapper.cfbundle; includeInIndex = 0; path = "VSWToolkit-iOSTests.xctest"; sourceTree = BUILT_PRODUCTS_DIR; };
		31AD4E4118119CE300A3C5FA /* UIKit.framework */ = {isa = PBXFileReference; lastKnownFileType = wrapper.framework; name = UIKit.framework; path = Library/Frameworks/UIKit.framework; sourceTree = DEVELOPER_DIR; };
		31AD4E4818119CE300A3C5FA /* VSWToolkit-iOSTests-Info.plist */ = {isa = PBXFileReference; lastKnownFileType = text.plist.xml; path = "VSWToolkit-iOSTests-Info.plist"; sourceTree = "<group>"; };
		31AD4E4A18119CE300A3C5FA /* en */ = {isa = PBXFileReference; lastKnownFileType = text.plist.strings; name = en; path = en.lproj/InfoPlist.strings; sourceTree = "<group>"; };
		31AD4E4C18119CE300A3C5FA /* VSWToolkit_iOSTests.m */ = {isa = PBXFileReference; lastKnownFileType = sourcecode.c.objc; name = VSWToolkit_iOSTests.m; path = "../VSWToolkit-iOSTests/VSWToolkit_iOSTests.m"; sourceTree = "<group>"; };
		31AD4E5C18119F9400A3C5FA /* NSArray+VSWRangeExceptionFreeAdditions.h */ = {isa = PBXFileReference; fileEncoding = 4; lastKnownFileType = sourcecode.c.h; path = "NSArray+VSWRangeExceptionFreeAdditions.h"; sourceTree = "<group>"; };
		31AD4E5D18119F9400A3C5FA /* NSArray+VSWRangeExceptionFreeAdditions.m */ = {isa = PBXFileReference; fileEncoding = 4; lastKnownFileType = sourcecode.c.objc; path = "NSArray+VSWRangeExceptionFreeAdditions.m"; sourceTree = "<group>"; };
		31AD4E641811A18D00A3C5FA /* Common.xcconfig */ = {isa = PBXFileReference; fileEncoding = 4; lastKnownFileType = text.xcconfig; path = Common.xcconfig; sourceTree = "<group>"; };
		31AD4E661811A18D00A3C5FA /* Debug.xcconfig */ = {isa = PBXFileReference; fileEncoding = 4; lastKnownFileType = text.xcconfig; path = Debug.xcconfig; sourceTree = "<group>"; };
		31AD4E671811A18D00A3C5FA /* Profile.xcconfig */ = {isa = PBXFileReference; fileEncoding = 4; lastKnownFileType = text.xcconfig; path = Profile.xcconfig; sourceTree = "<group>"; };
		31AD4E681811A18D00A3C5FA /* Release.xcconfig */ = {isa = PBXFileReference; fileEncoding = 4; lastKnownFileType = text.xcconfig; path = Release.xcconfig; sourceTree = "<group>"; };
		31AD4E691811A18D00A3C5FA /* Test.xcconfig */ = {isa = PBXFileReference; fileEncoding = 4; lastKnownFileType = text.xcconfig; path = Test.xcconfig; sourceTree = "<group>"; };
		31AD4E6B1811A18D00A3C5FA /* Application.xcconfig */ = {isa = PBXFileReference; fileEncoding = 4; lastKnownFileType = text.xcconfig; path = Application.xcconfig; sourceTree = "<group>"; };
		31AD4E6C1811A18D00A3C5FA /* StaticLibrary.xcconfig */ = {isa = PBXFileReference; fileEncoding = 4; lastKnownFileType = text.xcconfig; path = StaticLibrary.xcconfig; sourceTree = "<group>"; };
		31AD4E6E1811A18D00A3C5FA /* iOS-Application.xcconfig */ = {isa = PBXFileReference; fileEncoding = 4; lastKnownFileType = text.xcconfig; path = "iOS-Application.xcconfig"; sourceTree = "<group>"; };
		31AD4E6F1811A18D00A3C5FA /* iOS-Base.xcconfig */ = {isa = PBXFileReference; fileEncoding = 4; lastKnownFileType = text.xcconfig; path = "iOS-Base.xcconfig"; sourceTree = "<group>"; };
		31AD4E701811A18D00A3C5FA /* iOS-StaticLibrary.xcconfig */ = {isa = PBXFileReference; fileEncoding = 4; lastKnownFileType = text.xcconfig; path = "iOS-StaticLibrary.xcconfig"; sourceTree = "<group>"; };
		31AD4E721811A18D00A3C5FA /* Mac-Application.xcconfig */ = {isa = PBXFileReference; fileEncoding = 4; lastKnownFileType = text.xcconfig; path = "Mac-Application.xcconfig"; sourceTree = "<group>"; };
		31AD4E731811A18D00A3C5FA /* Mac-Base.xcconfig */ = {isa = PBXFileReference; fileEncoding = 4; lastKnownFileType = text.xcconfig; path = "Mac-Base.xcconfig"; sourceTree = "<group>"; };
		31AD4E741811A18D00A3C5FA /* Mac-DynamicLibrary.xcconfig */ = {isa = PBXFileReference; fileEncoding = 4; lastKnownFileType = text.xcconfig; path = "Mac-DynamicLibrary.xcconfig"; sourceTree = "<group>"; };
		31AD4E751811A18D00A3C5FA /* Mac-Framework.xcconfig */ = {isa = PBXFileReference; fileEncoding = 4; lastKnownFileType = text.xcconfig; path = "Mac-Framework.xcconfig"; sourceTree = "<group>"; };
		31AD4E761811A18D00A3C5FA /* Mac-StaticLibrary.xcconfig */ = {isa = PBXFileReference; fileEncoding = 4; lastKnownFileType = text.xcconfig; path = "Mac-StaticLibrary.xcconfig"; sourceTree = "<group>"; };
		31AD4E771811A18D00A3C5FA /* README.md */ = {isa = PBXFileReference; fileEncoding = 4; lastKnownFileType = text; path = README.md; sourceTree = "<group>"; };
		31AD4E881811A29200A3C5FA /* NSArray+VSWSortingAdditions.h */ = {isa = PBXFileReference; fileEncoding = 4; lastKnownFileType = sourcecode.c.h; path = "NSArray+VSWSortingAdditions.h"; sourceTree = "<group>"; };
		31AD4E891811A29200A3C5FA /* NSArray+VSWSortingAdditions.m */ = {isa = PBXFileReference; fileEncoding = 4; lastKnownFileType = sourcecode.c.objc; path = "NSArray+VSWSortingAdditions.m"; sourceTree = "<group>"; };
		31AD4E8E1811AA6900A3C5FA /* VSWNSArrayExceptionFreeTest.m */ = {isa = PBXFileReference; fileEncoding = 4; lastKnownFileType = sourcecode.c.objc; path = VSWNSArrayExceptionFreeTest.m; sourceTree = "<group>"; };
/* End PBXFileReference section */

/* Begin PBXFrameworksBuildPhase section */
		31AD4DFA18119B6100A3C5FA /* Frameworks */ = {
			isa = PBXFrameworksBuildPhase;
			buildActionMask = 2147483647;
			files = (
				31AD4E0218119B6100A3C5FA /* Cocoa.framework in Frameworks */,
			);
			runOnlyForDeploymentPostprocessing = 0;
		};
		31AD4E1218119B6100A3C5FA /* Frameworks */ = {
			isa = PBXFrameworksBuildPhase;
			buildActionMask = 2147483647;
			files = (
				31AD4E1818119B6100A3C5FA /* Cocoa.framework in Frameworks */,
				31AD4E1718119B6100A3C5FA /* XCTest.framework in Frameworks */,
				31AD4E1B18119B6100A3C5FA /* VSWToolkit.framework in Frameworks */,
			);
			runOnlyForDeploymentPostprocessing = 0;
		};
		31AD4E2D18119CE300A3C5FA /* Frameworks */ = {
			isa = PBXFrameworksBuildPhase;
			buildActionMask = 2147483647;
			files = (
				31AD4E3218119CE300A3C5FA /* Foundation.framework in Frameworks */,
			);
			runOnlyForDeploymentPostprocessing = 0;
		};
		31AD4E3B18119CE300A3C5FA /* Frameworks */ = {
			isa = PBXFrameworksBuildPhase;
			buildActionMask = 2147483647;
			files = (
				31AD4E3F18119CE300A3C5FA /* XCTest.framework in Frameworks */,
				31AD4E4218119CE300A3C5FA /* UIKit.framework in Frameworks */,
				31AD4E4018119CE300A3C5FA /* Foundation.framework in Frameworks */,
				31AD4E4518119CE300A3C5FA /* libVSWToolkit-iOS.a in Frameworks */,
			);
			runOnlyForDeploymentPostprocessing = 0;
		};
/* End PBXFrameworksBuildPhase section */

/* Begin PBXGroup section */
		31AD4DF418119B6100A3C5FA = {
			isa = PBXGroup;
			children = (
				31AD4E0718119B6100A3C5FA /* VSWToolkit */,
				31AD4E1C18119B6100A3C5FA /* VSWToolkitTests */,
				31AD4E0018119B6100A3C5FA /* Frameworks */,
				31AD4E621811A18D00A3C5FA /* Configuration */,
				31AD4DFF18119B6100A3C5FA /* Products */,
			);
			sourceTree = "<group>";
		};
		31AD4DFF18119B6100A3C5FA /* Products */ = {
			isa = PBXGroup;
			children = (
				31AD4DFE18119B6100A3C5FA /* VSWToolkit.framework */,
				31AD4E1518119B6100A3C5FA /* VSWToolkitTests.xctest */,
				31AD4E3018119CE300A3C5FA /* libVSWToolkit-iOS.a */,
				31AD4E3E18119CE300A3C5FA /* VSWToolkit-iOSTests.xctest */,
			);
			name = Products;
			sourceTree = "<group>";
		};
		31AD4E0018119B6100A3C5FA /* Frameworks */ = {
			isa = PBXGroup;
			children = (
				31AD4E0118119B6100A3C5FA /* Cocoa.framework */,
				31AD4E1618119B6100A3C5FA /* XCTest.framework */,
				31AD4E3118119CE300A3C5FA /* Foundation.framework */,
				31AD4E4118119CE300A3C5FA /* UIKit.framework */,
				31AD4E0318119B6100A3C5FA /* Other Frameworks */,
			);
			name = Frameworks;
			sourceTree = "<group>";
		};
		31AD4E0318119B6100A3C5FA /* Other Frameworks */ = {
			isa = PBXGroup;
			children = (
				31AD4E0418119B6100A3C5FA /* Foundation.framework */,
				31AD4E0518119B6100A3C5FA /* CoreData.framework */,
				31AD4E0618119B6100A3C5FA /* AppKit.framework */,
			);
			name = "Other Frameworks";
			sourceTree = "<group>";
		};
		31AD4E0718119B6100A3C5FA /* VSWToolkit */ = {
			isa = PBXGroup;
			children = (
				31AD4E0E18119B6100A3C5FA /* VSWToolkit.h */,
				31AD4E5618119E4F00A3C5FA /* Foundation Support */,
				31AD4E5818119E6100A3C5FA /* AppKit Support */,
				31AD4E5718119E5A00A3C5FA /* UIKit Support */,
				31AD4E0818119B6100A3C5FA /* Supporting Files */,
			);
			path = VSWToolkit;
			sourceTree = "<group>";
		};
		31AD4E0818119B6100A3C5FA /* Supporting Files */ = {
			isa = PBXGroup;
			children = (
				31AD4E0918119B6100A3C5FA /* VSWToolkit-Info.plist */,
				31AD4E0A18119B6100A3C5FA /* InfoPlist.strings */,
				31AD4E0D18119B6100A3C5FA /* VSWToolkit-Prefix.pch */,
			);
			name = "Supporting Files";
			sourceTree = "<group>";
		};
		31AD4E1C18119B6100A3C5FA /* VSWToolkitTests */ = {
			isa = PBXGroup;
			children = (
				31AD4E5418119D5D00A3C5FA /* Mac */,
				31AD4E5518119D6600A3C5FA /* iOS */,
			);
			path = VSWToolkitTests;
			sourceTree = "<group>";
		};
		31AD4E1D18119B6100A3C5FA /* Supporting Files */ = {
			isa = PBXGroup;
			children = (
				31AD4E1E18119B6100A3C5FA /* VSWToolkitTests-Info.plist */,
				31AD4E1F18119B6100A3C5FA /* InfoPlist.strings */,
			);
			name = "Supporting Files";
			sourceTree = "<group>";
		};
		31AD4E4718119CE300A3C5FA /* Supporting Files */ = {
			isa = PBXGroup;
			children = (
				31AD4E4818119CE300A3C5FA /* VSWToolkit-iOSTests-Info.plist */,
				31AD4E4918119CE300A3C5FA /* InfoPlist.strings */,
			);
			name = "Supporting Files";
			path = "../VSWToolkit-iOSTests";
			sourceTree = "<group>";
		};
		31AD4E5418119D5D00A3C5FA /* Mac */ = {
			isa = PBXGroup;
			children = (
				31AD4E8E1811AA6900A3C5FA /* VSWNSArrayExceptionFreeTest.m */,
				31AD4E1D18119B6100A3C5FA /* Supporting Files */,
			);
			name = Mac;
			sourceTree = "<group>";
		};
		31AD4E5518119D6600A3C5FA /* iOS */ = {
			isa = PBXGroup;
			children = (
				31AD4E4C18119CE300A3C5FA /* VSWToolkit_iOSTests.m */,
				31AD4E4718119CE300A3C5FA /* Supporting Files */,
			);
			name = iOS;
			sourceTree = "<group>";
		};
		31AD4E5618119E4F00A3C5FA /* Foundation Support */ = {
			isa = PBXGroup;
			children = (
				31AD4E5C18119F9400A3C5FA /* NSArray+VSWRangeExceptionFreeAdditions.h */,
				31AD4E5D18119F9400A3C5FA /* NSArray+VSWRangeExceptionFreeAdditions.m */,
				31AD4E881811A29200A3C5FA /* NSArray+VSWSortingAdditions.h */,
				31AD4E891811A29200A3C5FA /* NSArray+VSWSortingAdditions.m */,
			);
			name = "Foundation Support";
			sourceTree = "<group>";
		};
		31AD4E5718119E5A00A3C5FA /* UIKit Support */ = {
			isa = PBXGroup;
			children = (
			);
			name = "UIKit Support";
			sourceTree = "<group>";
		};
		31AD4E5818119E6100A3C5FA /* AppKit Support */ = {
			isa = PBXGroup;
			children = (
			);
			name = "AppKit Support";
			sourceTree = "<group>";
		};
		31AD4E621811A18D00A3C5FA /* Configuration */ = {
			isa = PBXGroup;
			children = (
				31AD4E631811A18D00A3C5FA /* Base */,
				31AD4E6D1811A18D00A3C5FA /* iOS */,
				31AD4E711811A18D00A3C5FA /* Mac OS X */,
				31AD4E771811A18D00A3C5FA /* README.md */,
			);
			name = Configuration;
			path = VSWToolkit/external/xcconfigs;
			sourceTree = "<group>";
		};
		31AD4E631811A18D00A3C5FA /* Base */ = {
			isa = PBXGroup;
			children = (
				31AD4E641811A18D00A3C5FA /* Common.xcconfig */,
				31AD4E651811A18D00A3C5FA /* Configurations */,
				31AD4E6A1811A18D00A3C5FA /* Targets */,
			);
			path = Base;
			sourceTree = "<group>";
		};
		31AD4E651811A18D00A3C5FA /* Configurations */ = {
			isa = PBXGroup;
			children = (
				31AD4E661811A18D00A3C5FA /* Debug.xcconfig */,
				31AD4E671811A18D00A3C5FA /* Profile.xcconfig */,
				31AD4E681811A18D00A3C5FA /* Release.xcconfig */,
				31AD4E691811A18D00A3C5FA /* Test.xcconfig */,
			);
			path = Configurations;
			sourceTree = "<group>";
		};
		31AD4E6A1811A18D00A3C5FA /* Targets */ = {
			isa = PBXGroup;
			children = (
				31AD4E6B1811A18D00A3C5FA /* Application.xcconfig */,
				31AD4E6C1811A18D00A3C5FA /* StaticLibrary.xcconfig */,
			);
			path = Targets;
			sourceTree = "<group>";
		};
		31AD4E6D1811A18D00A3C5FA /* iOS */ = {
			isa = PBXGroup;
			children = (
				31AD4E6E1811A18D00A3C5FA /* iOS-Application.xcconfig */,
				31AD4E6F1811A18D00A3C5FA /* iOS-Base.xcconfig */,
				31AD4E701811A18D00A3C5FA /* iOS-StaticLibrary.xcconfig */,
			);
			path = iOS;
			sourceTree = "<group>";
		};
		31AD4E711811A18D00A3C5FA /* Mac OS X */ = {
			isa = PBXGroup;
			children = (
				31AD4E721811A18D00A3C5FA /* Mac-Application.xcconfig */,
				31AD4E731811A18D00A3C5FA /* Mac-Base.xcconfig */,
				31AD4E741811A18D00A3C5FA /* Mac-DynamicLibrary.xcconfig */,
				31AD4E751811A18D00A3C5FA /* Mac-Framework.xcconfig */,
				31AD4E761811A18D00A3C5FA /* Mac-StaticLibrary.xcconfig */,
			);
			path = "Mac OS X";
			sourceTree = "<group>";
		};
/* End PBXGroup section */

/* Begin PBXHeadersBuildPhase section */
		31AD4DFB18119B6100A3C5FA /* Headers */ = {
			isa = PBXHeadersBuildPhase;
			buildActionMask = 2147483647;
			files = (
				31AD4E5B18119EDB00A3C5FA /* VSWToolkit.h in Headers */,
				31AD4E5E18119F9400A3C5FA /* NSArray+VSWRangeExceptionFreeAdditions.h in Headers */,
				31AD4E8A1811A29200A3C5FA /* NSArray+VSWSortingAdditions.h in Headers */,
			);
			runOnlyForDeploymentPostprocessing = 0;
		};
		31AD4E5918119ED000A3C5FA /* Headers */ = {
			isa = PBXHeadersBuildPhase;
			buildActionMask = 2147483647;
			files = (
				31AD4E5A18119ED800A3C5FA /* VSWToolkit.h in Headers */,
				31AD4E5F18119F9400A3C5FA /* NSArray+VSWRangeExceptionFreeAdditions.h in Headers */,
				31AD4E8B1811A29200A3C5FA /* NSArray+VSWSortingAdditions.h in Headers */,
			);
			runOnlyForDeploymentPostprocessing = 0;
		};
/* End PBXHeadersBuildPhase section */

/* Begin PBXNativeTarget section */
		31AD4DFD18119B6100A3C5FA /* VSWToolkit */ = {
			isa = PBXNativeTarget;
			buildConfigurationList = 31AD4E2618119B6100A3C5FA /* Build configuration list for PBXNativeTarget "VSWToolkit" */;
			buildPhases = (
				31AD4DF918119B6100A3C5FA /* Sources */,
				31AD4DFA18119B6100A3C5FA /* Frameworks */,
				31AD4DFB18119B6100A3C5FA /* Headers */,
				31AD4DFC18119B6100A3C5FA /* Resources */,
			);
			buildRules = (
			);
			dependencies = (
			);
			name = VSWToolkit;
			productName = VSWToolkit;
			productReference = 31AD4DFE18119B6100A3C5FA /* VSWToolkit.framework */;
			productType = "com.apple.product-type.framework";
		};
		31AD4E1418119B6100A3C5FA /* VSWToolkitTests */ = {
			isa = PBXNativeTarget;
			buildConfigurationList = 31AD4E2918119B6100A3C5FA /* Build configuration list for PBXNativeTarget "VSWToolkitTests" */;
			buildPhases = (
				31AD4E1118119B6100A3C5FA /* Sources */,
				31AD4E1218119B6100A3C5FA /* Frameworks */,
				31AD4E1318119B6100A3C5FA /* Resources */,
			);
			buildRules = (
			);
			dependencies = (
				31AD4E1A18119B6100A3C5FA /* PBXTargetDependency */,
			);
			name = VSWToolkitTests;
			productName = VSWToolkitTests;
			productReference = 31AD4E1518119B6100A3C5FA /* VSWToolkitTests.xctest */;
			productType = "com.apple.product-type.bundle.unit-test";
		};
		31AD4E2F18119CE300A3C5FA /* VSWToolkit-iOS */ = {
			isa = PBXNativeTarget;
			buildConfigurationList = 31AD4E5218119CE300A3C5FA /* Build configuration list for PBXNativeTarget "VSWToolkit-iOS" */;
			buildPhases = (
				31AD4E2C18119CE300A3C5FA /* Sources */,
				31AD4E2D18119CE300A3C5FA /* Frameworks */,
				31AD4E5918119ED000A3C5FA /* Headers */,
			);
			buildRules = (
			);
			dependencies = (
			);
			name = "VSWToolkit-iOS";
			productName = "VSWToolkit-iOS";
			productReference = 31AD4E3018119CE300A3C5FA /* libVSWToolkit-iOS.a */;
			productType = "com.apple.product-type.library.static";
		};
		31AD4E3D18119CE300A3C5FA /* VSWToolkit-iOSTests */ = {
			isa = PBXNativeTarget;
			buildConfigurationList = 31AD4E5318119CE300A3C5FA /* Build configuration list for PBXNativeTarget "VSWToolkit-iOSTests" */;
			buildPhases = (
				31AD4E3A18119CE300A3C5FA /* Sources */,
				31AD4E3B18119CE300A3C5FA /* Frameworks */,
				31AD4E3C18119CE300A3C5FA /* Resources */,
			);
			buildRules = (
			);
			dependencies = (
				31AD4E4418119CE300A3C5FA /* PBXTargetDependency */,
			);
			name = "VSWToolkit-iOSTests";
			productName = "VSWToolkit-iOSTests";
			productReference = 31AD4E3E18119CE300A3C5FA /* VSWToolkit-iOSTests.xctest */;
			productType = "com.apple.product-type.bundle.unit-test";
		};
/* End PBXNativeTarget section */

/* Begin PBXProject section */
		31AD4DF518119B6100A3C5FA /* Project object */ = {
			isa = PBXProject;
			attributes = {
				LastUpgradeCheck = 0500;
				ORGANIZATIONNAME = "Vincent Wayne";
				TargetAttributes = {
					31AD4E1418119B6100A3C5FA = {
						TestTargetID = 31AD4DFD18119B6100A3C5FA;
					};
					31AD4E3D18119CE300A3C5FA = {
						TestTargetID = 31AD4DFD18119B6100A3C5FA;
					};
				};
			};
			buildConfigurationList = 31AD4DF818119B6100A3C5FA /* Build configuration list for PBXProject "VSWToolkit" */;
			compatibilityVersion = "Xcode 3.2";
			developmentRegion = English;
			hasScannedForEncodings = 0;
			knownRegions = (
				en,
			);
			mainGroup = 31AD4DF418119B6100A3C5FA;
			productRefGroup = 31AD4DFF18119B6100A3C5FA /* Products */;
			projectDirPath = "";
			projectRoot = "";
			targets = (
				31AD4DFD18119B6100A3C5FA /* VSWToolkit */,
				31AD4E1418119B6100A3C5FA /* VSWToolkitTests */,
				31AD4E2F18119CE300A3C5FA /* VSWToolkit-iOS */,
				31AD4E3D18119CE300A3C5FA /* VSWToolkit-iOSTests */,
			);
		};
/* End PBXProject section */

/* Begin PBXResourcesBuildPhase section */
		31AD4DFC18119B6100A3C5FA /* Resources */ = {
			isa = PBXResourcesBuildPhase;
			buildActionMask = 2147483647;
			files = (
			);
			runOnlyForDeploymentPostprocessing = 0;
		};
		31AD4E1318119B6100A3C5FA /* Resources */ = {
			isa = PBXResourcesBuildPhase;
			buildActionMask = 2147483647;
			files = (
				31AD4E2118119B6100A3C5FA /* InfoPlist.strings in Resources */,
			);
			runOnlyForDeploymentPostprocessing = 0;
		};
		31AD4E3C18119CE300A3C5FA /* Resources */ = {
			isa = PBXResourcesBuildPhase;
			buildActionMask = 2147483647;
			files = (
				31AD4E4B18119CE300A3C5FA /* InfoPlist.strings in Resources */,
			);
			runOnlyForDeploymentPostprocessing = 0;
		};
/* End PBXResourcesBuildPhase section */

/* Begin PBXSourcesBuildPhase section */
		31AD4DF918119B6100A3C5FA /* Sources */ = {
			isa = PBXSourcesBuildPhase;
			buildActionMask = 2147483647;
			files = (
				31AD4E8C1811A29200A3C5FA /* NSArray+VSWSortingAdditions.m in Sources */,
				31AD4E6018119F9400A3C5FA /* NSArray+VSWRangeExceptionFreeAdditions.m in Sources */,
			);
			runOnlyForDeploymentPostprocessing = 0;
		};
		31AD4E1118119B6100A3C5FA /* Sources */ = {
			isa = PBXSourcesBuildPhase;
			buildActionMask = 2147483647;
			files = (
				31AD4E8F1811AA6900A3C5FA /* VSWNSArrayExceptionFreeTest.m in Sources */,
			);
			runOnlyForDeploymentPostprocessing = 0;
		};
		31AD4E2C18119CE300A3C5FA /* Sources */ = {
			isa = PBXSourcesBuildPhase;
			buildActionMask = 2147483647;
			files = (
				31AD4E8D1811A29200A3C5FA /* NSArray+VSWSortingAdditions.m in Sources */,
				31AD4E6118119F9400A3C5FA /* NSArray+VSWRangeExceptionFreeAdditions.m in Sources */,
			);
			runOnlyForDeploymentPostprocessing = 0;
		};
		31AD4E3A18119CE300A3C5FA /* Sources */ = {
			isa = PBXSourcesBuildPhase;
			buildActionMask = 2147483647;
			files = (
				31AD4E4D18119CE300A3C5FA /* VSWToolkit_iOSTests.m in Sources */,
			);
			runOnlyForDeploymentPostprocessing = 0;
		};
/* End PBXSourcesBuildPhase section */

/* Begin PBXTargetDependency section */
		31AD4E1A18119B6100A3C5FA /* PBXTargetDependency */ = {
			isa = PBXTargetDependency;
			target = 31AD4DFD18119B6100A3C5FA /* VSWToolkit */;
			targetProxy = 31AD4E1918119B6100A3C5FA /* PBXContainerItemProxy */;
		};
		31AD4E4418119CE300A3C5FA /* PBXTargetDependency */ = {
			isa = PBXTargetDependency;
			target = 31AD4E2F18119CE300A3C5FA /* VSWToolkit-iOS */;
			targetProxy = 31AD4E4318119CE300A3C5FA /* PBXContainerItemProxy */;
		};
/* End PBXTargetDependency section */

/* Begin PBXVariantGroup section */
		31AD4E0A18119B6100A3C5FA /* InfoPlist.strings */ = {
			isa = PBXVariantGroup;
			children = (
				31AD4E0B18119B6100A3C5FA /* en */,
			);
			name = InfoPlist.strings;
			sourceTree = "<group>";
		};
		31AD4E1F18119B6100A3C5FA /* InfoPlist.strings */ = {
			isa = PBXVariantGroup;
			children = (
				31AD4E2018119B6100A3C5FA /* en */,
			);
			name = InfoPlist.strings;
			sourceTree = "<group>";
		};
		31AD4E4918119CE300A3C5FA /* InfoPlist.strings */ = {
			isa = PBXVariantGroup;
			children = (
				31AD4E4A18119CE300A3C5FA /* en */,
			);
			name = InfoPlist.strings;
			sourceTree = "<group>";
		};
/* End PBXVariantGroup section */

/* Begin XCBuildConfiguration section */
		31AD4E2418119B6100A3C5FA /* Debug */ = {
			isa = XCBuildConfiguration;
			baseConfigurationReference = 31AD4E661811A18D00A3C5FA /* Debug.xcconfig */;
			buildSettings = {
				ALWAYS_SEARCH_USER_PATHS = NO;
				CLANG_CXX_LANGUAGE_STANDARD = "gnu++0x";
				CLANG_CXX_LIBRARY = "libc++";
				CLANG_ENABLE_OBJC_ARC = YES;
				CLANG_WARN_BOOL_CONVERSION = YES;
				CLANG_WARN_CONSTANT_CONVERSION = YES;
				CLANG_WARN_DIRECT_OBJC_ISA_USAGE = YES_ERROR;
				CLANG_WARN_EMPTY_BODY = YES;
				CLANG_WARN_ENUM_CONVERSION = YES;
				CLANG_WARN_INT_CONVERSION = YES;
				CLANG_WARN_OBJC_ROOT_CLASS = YES_ERROR;
				CLANG_WARN__DUPLICATE_METHOD_MATCH = YES;
				COPY_PHASE_STRIP = NO;
				GCC_C_LANGUAGE_STANDARD = gnu99;
				GCC_DYNAMIC_NO_PIC = NO;
				GCC_ENABLE_OBJC_EXCEPTIONS = YES;
				GCC_OPTIMIZATION_LEVEL = 0;
				GCC_PREPROCESSOR_DEFINITIONS = (
					"DEBUG=1",
					"$(inherited)",
				);
				GCC_SYMBOLS_PRIVATE_EXTERN = NO;
				GCC_WARN_64_TO_32_BIT_CONVERSION = YES;
				GCC_WARN_ABOUT_RETURN_TYPE = YES_ERROR;
				GCC_WARN_UNDECLARED_SELECTOR = YES;
				GCC_WARN_UNINITIALIZED_AUTOS = YES;
				GCC_WARN_UNUSED_FUNCTION = YES;
				GCC_WARN_UNUSED_VARIABLE = YES;
				MACOSX_DEPLOYMENT_TARGET = 10.8;
				ONLY_ACTIVE_ARCH = YES;
				SDKROOT = macosx;
			};
			name = Debug;
		};
		31AD4E2518119B6100A3C5FA /* Release */ = {
			isa = XCBuildConfiguration;
			baseConfigurationReference = 31AD4E681811A18D00A3C5FA /* Release.xcconfig */;
			buildSettings = {
				ALWAYS_SEARCH_USER_PATHS = NO;
				CLANG_CXX_LANGUAGE_STANDARD = "gnu++0x";
				CLANG_CXX_LIBRARY = "libc++";
				CLANG_ENABLE_OBJC_ARC = YES;
				CLANG_WARN_BOOL_CONVERSION = YES;
				CLANG_WARN_CONSTANT_CONVERSION = YES;
				CLANG_WARN_DIRECT_OBJC_ISA_USAGE = YES_ERROR;
				CLANG_WARN_EMPTY_BODY = YES;
				CLANG_WARN_ENUM_CONVERSION = YES;
				CLANG_WARN_INT_CONVERSION = YES;
				CLANG_WARN_OBJC_ROOT_CLASS = YES_ERROR;
				CLANG_WARN__DUPLICATE_METHOD_MATCH = YES;
				COPY_PHASE_STRIP = YES;
				DEBUG_INFORMATION_FORMAT = "dwarf-with-dsym";
				ENABLE_NS_ASSERTIONS = NO;
				GCC_C_LANGUAGE_STANDARD = gnu99;
				GCC_ENABLE_OBJC_EXCEPTIONS = YES;
				GCC_WARN_64_TO_32_BIT_CONVERSION = YES;
				GCC_WARN_ABOUT_RETURN_TYPE = YES_ERROR;
				GCC_WARN_UNDECLARED_SELECTOR = YES;
				GCC_WARN_UNINITIALIZED_AUTOS = YES;
				GCC_WARN_UNUSED_FUNCTION = YES;
				GCC_WARN_UNUSED_VARIABLE = YES;
				MACOSX_DEPLOYMENT_TARGET = 10.8;
				SDKROOT = macosx;
			};
			name = Release;
		};
		31AD4E2718119B6100A3C5FA /* Debug */ = {
			isa = XCBuildConfiguration;
			baseConfigurationReference = 31AD4E751811A18D00A3C5FA /* Mac-Framework.xcconfig */;
			buildSettings = {
				COMBINE_HIDPI_IMAGES = YES;
				DYLIB_COMPATIBILITY_VERSION = 1;
				DYLIB_CURRENT_VERSION = 1;
				FRAMEWORK_VERSION = A;
				GCC_PRECOMPILE_PREFIX_HEADER = YES;
				GCC_PREFIX_HEADER = "VSWToolkit/VSWToolkit-Prefix.pch";
				INFOPLIST_FILE = "VSWToolkit/VSWToolkit-Info.plist";
				INSTALL_PATH = "@rpath";
				LD_DYLIB_INSTALL_NAME = "@rpath/$(PRODUCT_NAME).$(WRAPPER_EXTENSION)/$(PRODUCT_NAME)";
				PRODUCT_NAME = "$(TARGET_NAME)";
				WRAPPER_EXTENSION = framework;
			};
			name = Debug;
		};
		31AD4E2818119B6100A3C5FA /* Release */ = {
			isa = XCBuildConfiguration;
			baseConfigurationReference = 31AD4E751811A18D00A3C5FA /* Mac-Framework.xcconfig */;
			buildSettings = {
				COMBINE_HIDPI_IMAGES = YES;
				DYLIB_COMPATIBILITY_VERSION = 1;
				DYLIB_CURRENT_VERSION = 1;
				FRAMEWORK_VERSION = A;
				GCC_PRECOMPILE_PREFIX_HEADER = YES;
				GCC_PREFIX_HEADER = "VSWToolkit/VSWToolkit-Prefix.pch";
				INFOPLIST_FILE = "VSWToolkit/VSWToolkit-Info.plist";
				INSTALL_PATH = "@rpath";
				LD_DYLIB_INSTALL_NAME = "@rpath/$(PRODUCT_NAME).$(WRAPPER_EXTENSION)/$(PRODUCT_NAME)";
				PRODUCT_NAME = "$(TARGET_NAME)";
				WRAPPER_EXTENSION = framework;
			};
			name = Release;
		};
		31AD4E2A18119B6100A3C5FA /* Debug */ = {
			isa = XCBuildConfiguration;
			baseConfigurationReference = 31AD4E721811A18D00A3C5FA /* Mac-Application.xcconfig */;
			buildSettings = {
				BUNDLE_LOADER = "$(BUILT_PRODUCTS_DIR)/VSWToolkit.framework/Versions/A/VSWToolkit";
				COMBINE_HIDPI_IMAGES = YES;
				FRAMEWORK_SEARCH_PATHS = (
					"$(DEVELOPER_FRAMEWORKS_DIR)",
					"$(inherited)",
				);
				GCC_PRECOMPILE_PREFIX_HEADER = YES;
				GCC_PREFIX_HEADER = "VSWToolkit/VSWToolkit-Prefix.pch";
				GCC_PREPROCESSOR_DEFINITIONS = (
					"DEBUG=1",
					"$(inherited)",
				);
				INFOPLIST_FILE = "VSWToolkitTests/VSWToolkitTests-Info.plist";
				PRODUCT_NAME = "$(TARGET_NAME)";
				TEST_HOST = "$(BUNDLE_LOADER)";
				WRAPPER_EXTENSION = xctest;
			};
			name = Debug;
		};
		31AD4E2B18119B6100A3C5FA /* Release */ = {
			isa = XCBuildConfiguration;
			baseConfigurationReference = 31AD4E721811A18D00A3C5FA /* Mac-Application.xcconfig */;
			buildSettings = {
				BUNDLE_LOADER = "$(BUILT_PRODUCTS_DIR)/VSWToolkit.framework/Versions/A/VSWToolkit";
				COMBINE_HIDPI_IMAGES = YES;
				FRAMEWORK_SEARCH_PATHS = (
					"$(DEVELOPER_FRAMEWORKS_DIR)",
					"$(inherited)",
				);
				GCC_PRECOMPILE_PREFIX_HEADER = YES;
				GCC_PREFIX_HEADER = "VSWToolkit/VSWToolkit-Prefix.pch";
				INFOPLIST_FILE = "VSWToolkitTests/VSWToolkitTests-Info.plist";
				PRODUCT_NAME = "$(TARGET_NAME)";
				TEST_HOST = "$(BUNDLE_LOADER)";
				WRAPPER_EXTENSION = xctest;
			};
			name = Release;
		};
		31AD4E4E18119CE300A3C5FA /* Debug */ = {
			isa = XCBuildConfiguration;
			baseConfigurationReference = 31AD4E701811A18D00A3C5FA /* iOS-StaticLibrary.xcconfig */;
			buildSettings = {
				ARCHS = "$(ARCHS_STANDARD_INCLUDING_64_BIT)";
				CLANG_ENABLE_MODULES = YES;
				DSTROOT = /tmp/VSWToolkit.dst;
				GCC_PRECOMPILE_PREFIX_HEADER = YES;
				GCC_PREFIX_HEADER = "VSWToolkit/VSWToolkit-Prefix.pch";
				GCC_PREPROCESSOR_DEFINITIONS = (
					"DEBUG=1",
					"$(inherited)",
				);
				IPHONEOS_DEPLOYMENT_TARGET = 7.0;
				OTHER_LDFLAGS = "-ObjC";
				PRODUCT_NAME = "$(TARGET_NAME)";
				SDKROOT = iphoneos;
				SKIP_INSTALL = YES;
			};
			name = Debug;
		};
		31AD4E4F18119CE300A3C5FA /* Release */ = {
			isa = XCBuildConfiguration;
			baseConfigurationReference = 31AD4E701811A18D00A3C5FA /* iOS-StaticLibrary.xcconfig */;
			buildSettings = {
				ARCHS = "$(ARCHS_STANDARD_INCLUDING_64_BIT)";
				CLANG_ENABLE_MODULES = YES;
				DSTROOT = /tmp/VSWToolkit.dst;
				GCC_PRECOMPILE_PREFIX_HEADER = YES;
				GCC_PREFIX_HEADER = "VSWToolkit/VSWToolkit-Prefix.pch";
				IPHONEOS_DEPLOYMENT_TARGET = 7.0;
				OTHER_LDFLAGS = "-ObjC";
				PRODUCT_NAME = "$(TARGET_NAME)";
				SDKROOT = iphoneos;
				SKIP_INSTALL = YES;
				VALIDATE_PRODUCT = YES;
			};
			name = Release;
		};
		31AD4E5018119CE300A3C5FA /* Debug */ = {
			isa = XCBuildConfiguration;
			baseConfigurationReference = 31AD4E6E1811A18D00A3C5FA /* iOS-Application.xcconfig */;
			buildSettings = {
				ARCHS = "$(ARCHS_STANDARD_INCLUDING_64_BIT)";
				BUNDLE_LOADER = "$(BUILT_PRODUCTS_DIR)/VSWToolkit.framework/Versions/A/VSWToolkit";
				CLANG_ENABLE_MODULES = YES;
				FRAMEWORK_SEARCH_PATHS = (
					"$(SDKROOT)/Developer/Library/Frameworks",
					"$(inherited)",
					"$(DEVELOPER_FRAMEWORKS_DIR)",
				);
				GCC_PRECOMPILE_PREFIX_HEADER = YES;
				GCC_PREFIX_HEADER = "VSWToolkit-iOS/VSWToolkit-iOS-Prefix.pch";
				GCC_PREPROCESSOR_DEFINITIONS = (
					"DEBUG=1",
					"$(inherited)",
				);
				INFOPLIST_FILE = "VSWToolkit-iOSTests/VSWToolkit-iOSTests-Info.plist";
				IPHONEOS_DEPLOYMENT_TARGET = 7.0;
				PRODUCT_NAME = "$(TARGET_NAME)";
				SDKROOT = iphoneos;
				TEST_HOST = "$(BUNDLE_LOADER)";
				WRAPPER_EXTENSION = xctest;
			};
			name = Debug;
		};
		31AD4E5118119CE300A3C5FA /* Release */ = {
			isa = XCBuildConfiguration;
			baseConfigurationReference = 31AD4E6E1811A18D00A3C5FA /* iOS-Application.xcconfig */;
			buildSettings = {
				ARCHS = "$(ARCHS_STANDARD_INCLUDING_64_BIT)";
				BUNDLE_LOADER = "$(BUILT_PRODUCTS_DIR)/VSWToolkit.framework/Versions/A/VSWToolkit";
				CLANG_ENABLE_MODULES = YES;
				FRAMEWORK_SEARCH_PATHS = (
					"$(SDKROOT)/Developer/Library/Frameworks",
					"$(inherited)",
					"$(DEVELOPER_FRAMEWORKS_DIR)",
				);
				GCC_PRECOMPILE_PREFIX_HEADER = YES;
				GCC_PREFIX_HEADER = "VSWToolkit-iOS/VSWToolkit-iOS-Prefix.pch";
				INFOPLIST_FILE = "VSWToolkit-iOSTests/VSWToolkit-iOSTests-Info.plist";
				IPHONEOS_DEPLOYMENT_TARGET = 7.0;
				PRODUCT_NAME = "$(TARGET_NAME)";
				SDKROOT = iphoneos;
				TEST_HOST = "$(BUNDLE_LOADER)";
				VALIDATE_PRODUCT = YES;
				WRAPPER_EXTENSION = xctest;
			};
			name = Release;
		};
/* End XCBuildConfiguration section */

/* Begin XCConfigurationList section */
		31AD4DF818119B6100A3C5FA /* Build configuration list for PBXProject "VSWToolkit" */ = {
			isa = XCConfigurationList;
			buildConfigurations = (
				31AD4E2418119B6100A3C5FA /* Debug */,
				31AD4E2518119B6100A3C5FA /* Release */,
			);
			defaultConfigurationIsVisible = 0;
			defaultConfigurationName = Release;
		};
		31AD4E2618119B6100A3C5FA /* Build configuration list for PBXNativeTarget "VSWToolkit" */ = {
			isa = XCConfigurationList;
			buildConfigurations = (
				31AD4E2718119B6100A3C5FA /* Debug */,
				31AD4E2818119B6100A3C5FA /* Release */,
			);
			defaultConfigurationIsVisible = 0;
			defaultConfigurationName = Release;
		};
		31AD4E2918119B6100A3C5FA /* Build configuration list for PBXNativeTarget "VSWToolkitTests" */ = {
			isa = XCConfigurationList;
			buildConfigurations = (
				31AD4E2A18119B6100A3C5FA /* Debug */,
				31AD4E2B18119B6100A3C5FA /* Release */,
			);
			defaultConfigurationIsVisible = 0;
			defaultConfigurationName = Release;
		};
		31AD4E5218119CE300A3C5FA /* Build configuration list for PBXNativeTarget "VSWToolkit-iOS" */ = {
			isa = XCConfigurationList;
			buildConfigurations = (
				31AD4E4E18119CE300A3C5FA /* Debug */,
				31AD4E4F18119CE300A3C5FA /* Release */,
			);
			defaultConfigurationIsVisible = 0;
		};
		31AD4E5318119CE300A3C5FA /* Build configuration list for PBXNativeTarget "VSWToolkit-iOSTests" */ = {
			isa = XCConfigurationList;
			buildConfigurations = (
				31AD4E5018119CE300A3C5FA /* Debug */,
				31AD4E5118119CE300A3C5FA /* Release */,
			);
			defaultConfigurationIsVisible = 0;
		};
/* End XCConfigurationList section */
	};
	rootObject = 31AD4DF518119B6100A3C5FA /* Project object */;
}
